
Microsoft Visual Studio Solution File, Format Version 12.00
# Visual Studio Version 16
VisualStudioVersion = 16.0.30621.155
MinimumVisualStudioVersion = 10.0.40219.1
Project("{FAE04EC0-301F-11D3-BF4B-00C04F79EFBC}") = "ProductService", "ProductService\ProductService.csproj", "{B65467C1-9B36-4424-B8FB-8C739FB2858D}"
EndProject
Global
	GlobalSection(SolutionConfigurationPlatforms) = preSolution
		Debug|Any CPU = Debug|Any CPU
		Release|Any CPU = Release|Any CPU
	EndGlobalSection
	GlobalSection(ProjectConfigurationPlatforms) = postSolution
		{B65467C1-9B36-4424-B8FB-8C739FB2858D}.Debug|Any CPU.ActiveCfg = Debug|Any CPU
		{B65467C1-9B36-4424-B8FB-8C739FB2858D}.Debug|Any CPU.Build.0 = Debug|Any CPU
		{B65467C1-9B36-4424-B8FB-8C739FB2858D}.Release|Any CPU.ActiveCfg = Release|Any CPU
		{B65467C1-9B36-4424-B8FB-8C739FB2858D}.Release|Any CPU.Build.0 = Release|Any CPU
	EndGlobalSection
	GlobalSection(SolutionProperties) = preSolution
		HideSolutionNode = FALSE
	EndGlobalSection
	GlobalSection(ExtensibilityGlobals) = postSolution
		SolutionGuid = {3B2CB819-CB28-49BD-9B11-911A09E7F275}
	EndGlobalSection
EndGlobal
